PODS:
  - AEXML (4.6.0)
  - audio_session (0.0.1):
    - Flutter
  - epub_viewer (0.0.2):
    - EpubViewerKit (~> 0.1.3)
    - Flutter
  - EpubViewerKit (0.1.3):
    - AEXML (= 4.6.0)
    - FontBlaster (= 5.1.1)
    - MenuItemKit (= 4.0.1)
    - RealmSwift (= 5.5.1)
    - SSZipArchive (= 2.2.3)
    - ZFDragableModalTransition (= 0.6)
  - Flutter (1.0.0)
  - FontBlaster (5.1.1)
  - just_audio (0.0.1):
    - Flutter
  - MenuItemKit (4.0.1)
  - path_provider (0.0.1):
    - Flutter
  - Realm (5.5.1):
    - Realm/Headers (= 5.5.1)
  - Realm/Headers (5.5.1)
  - RealmSwift (5.5.1):
    - Realm (= 5.5.1)
  - SSZipArchive (2.2.3)
  - video_player (0.0.1):
    - Flutter
  - ZFDragableModalTransition (0.6)

DEPENDENCIES:
  - audio_session (from `.symlinks/plugins/audio_session/ios`)
  - epub_viewer (from `.symlinks/plugins/epub_viewer/ios`)
  - Flutter (from `Flutter`)
  - just_audio (from `.symlinks/plugins/just_audio/ios`)
  - path_provider (from `.symlinks/plugins/path_provider/ios`)
  - video_player (from `.symlinks/plugins/video_player/ios`)

SPEC REPOS:
  trunk:
    - AEXML
    - EpubViewerKit
    - FontBlaster
    - MenuItemKit
    - Realm
    - RealmSwift
    - SSZipArchive
    - ZFDragableModalTransition

EXTERNAL SOURCES:
  audio_session:
    :path: ".symlinks/plugins/audio_session/ios"
  epub_viewer:
    :path: ".symlinks/plugins/epub_viewer/ios"
  Flutter:
    :path: Flutter
  just_audio:
    :path: ".symlinks/plugins/just_audio/ios"
  path_provider:
    :path: ".symlinks/plugins/path_provider/ios"
  video_player:
    :path: ".symlinks/plugins/video_player/ios"

SPEC CHECKSUMS:
  AEXML: 2fbb73d8724797ed2cde888731e176fa4d44dd83
  audio_session: 4f3e461722055d21515cf3261b64c973c062f345
  epub_viewer: 422e82cc0068756c376102e3fa0e0fda570ddeb8
  EpubViewerKit: 5f6c8ff9161bba18d6742c59b3c575c19f0623a9
  Flutter: 50d75fe2f02b26cc09d224853bb45737f8b3214a
  FontBlaster: 8897ebdbb4b6ace3ab78c92b665d88c954f19e4a
  just_audio: baa7252489dbcf47a4c7cc9ca663e9661c99aafa
  MenuItemKit: 1459920e984d823e1bcc858b7a964f94e6bfa0f6
  path_provider: d1e9807085df1f9cc9318206cd649dc0b76be3de
  Realm: c2ffe0667f9c98c9ba65f608ba85684d39826145
  RealmSwift: 5a35c1c35c3e1925e6fcd092c881d5cc4a826bff
  SSZipArchive: 62d4947b08730e4cda640473b0066d209ff033c9
  video_player: ecd305f42e9044793efd34846e1ce64c31ea6fcb
  ZFDragableModalTransition: 0d294eaaba6edfcb9839595de765f9ca06a4b524

PODFILE CHECKSUM: aafe91acc616949ddb318b77800a7f51bffa2a4c

COCOAPODS: 1.10.1
